<?xml version="1.0" encoding="utf-8"?>
<Project ToolsVersion="4.0" xmlns="http://schemas.microsoft.com/developer/msbuild/2003">
  <ItemGroup>
    <Filter Include="source">
      <UniqueIdentifier>{7ff64f8a-d590-434b-8afa-ebd053d0f441}</UniqueIdentifier>
    </Filter>
  </ItemGroup>
  <ItemGroup>
    <ClInclude Include="injector.h">
      <Filter>source</Filter>
    </ClInclude>
    <ClInclude Include="resource.h" />
    <ClInclude Include="..\..\..\eVOL-2022-master\eVOL-2022\eVOL-Loader\ReflectiveDLLInjection.h">
      <Filter>source</Filter>
    </ClInclude>
    <ClInclude Include="..\..\..\eVOL-2022-master\eVOL-2022\eVOL-Loader\GetProcAddressR.h">
      <Filter>source</Filter>
    </ClInclude>
  </ItemGroup>
  <ItemGroup>
    <ClCompile Include="main.cpp">
      <Filter>source</Filter>
    </ClCompile>
    <ClCompile Include="injector.cpp">
      <Filter>source</Filter>
    </ClCompile>
    <ClCompile Include="..\..\..\eVOL-2022-master\eVOL-2022\eVOL-Loader\GetProcAddressR.cpp">
      <Filter>source</Filter>
    </ClCompile>
  </ItemGroup>
  <ItemGroup>
    <ResourceCompile Include="loader.rc" />
  </ItemGroup>
  <ItemGroup>
    <Image Include="icon.ico" />
  </ItemGroup>
</Project>